Microsoft Visual Studio Solution File, Format Version 12.00
# Visual Studio Version 17
VisualStudioVersion = 17.5.2.0
MinimumVisualStudioVersion = 10.0.40219.1
Project("{FAE04EC0-301F-11D3-BF4B-00C04F79EFBC}") = "VTSPrac", "VTSPrac.csproj", "{0C57D3A6-000C-F3FF-A758-C11B0AFC06EF}"
EndProject
Global
	GlobalSection(SolutionConfigurationPlatforms) = preSolution
		Debug|Any CPU = Debug|Any CPU
		Release|Any CPU = Release|Any CPU
	EndGlobalSection
	GlobalSection(ProjectConfigurationPlatforms) = postSolution
		{0C57D3A6-000C-F3FF-A758-C11B0AFC06EF}.Debug|Any CPU.ActiveCfg = Debug|Any CPU
		{0C57D3A6-000C-F3FF-A758-C11B0AFC06EF}.Debug|Any CPU.Build.0 = Debug|Any CPU
		{0C57D3A6-000C-F3FF-A758-C11B0AFC06EF}.Release|Any CPU.ActiveCfg = Release|Any CPU
		{0C57D3A6-000C-F3FF-A758-C11B0AFC06EF}.Release|Any CPU.Build.0 = Release|Any CPU
	EndGlobalSection
	GlobalSection(SolutionProperties) = preSolution
		HideSolutionNode = FALSE
	EndGlobalSection
	GlobalSection(ExtensibilityGlobals) = postSolution
		SolutionGuid = {CB0DFF3B-A4C3-4E61-8A88-38F348A4C5E6}
	EndGlobalSection
EndGlobal
